Microsoft Visual Studio Solution File, Format Version 12.00
# Visual Studio Version 17
VisualStudioVersion = 17.5.2.0
MinimumVisualStudioVersion = 10.0.40219.1
Project("{FAE04EC0-301F-11D3-BF4B-00C04F79EFBC}") = "DiskPartition", "DiskPartition.csproj", "{EB2EE2F5-65A1-CF30-452A-E214402F08DC}"
EndProject
Global
	GlobalSection(SolutionConfigurationPlatforms) = preSolution
		Debug|Any CPU = Debug|Any CPU
		Release|Any CPU = Release|Any CPU
	EndGlobalSection
	GlobalSection(ProjectConfigurationPlatforms) = postSolution
		{EB2EE2F5-65A1-CF30-452A-E214402F08DC}.Debug|Any CPU.ActiveCfg = Debug|Any CPU
		{EB2EE2F5-65A1-CF30-452A-E214402F08DC}.Debug|Any CPU.Build.0 = Debug|Any CPU
		{EB2EE2F5-65A1-CF30-452A-E214402F08DC}.Release|Any CPU.ActiveCfg = Release|Any CPU
		{EB2EE2F5-65A1-CF30-452A-E214402F08DC}.Release|Any CPU.Build.0 = Release|Any CPU
	EndGlobalSection
	GlobalSection(SolutionProperties) = preSolution
		HideSolutionNode = FALSE
	EndGlobalSection
	GlobalSection(ExtensibilityGlobals) = postSolution
		SolutionGuid = {DC76007D-AAD9-4591-82F1-EE369531B934}
	EndGlobalSection
EndGlobal
